<?xml version="1.0" encoding="UTF-8" standalone="yes" ?>
<CodeBlocks_project_file>
	<FileVersion major="1" minor="6" />
	<Project>
		<Option title="RemoteEyeTracker" />
		<Option pch_mode="2" />
		<Option compiler="gcc" />
		<Build>
			<Target title="release">
				<Option output="bin\$(PROJECT_NAME)" prefix_auto="1" extension_auto="1" />
				<Option working_dir="bin" />
				<Option object_output="obj\release" />
				<Option external_deps="..\..\..\libs\openFrameworksCompiled\lib\win_cb\openFrameworks.lib;" />
				<Option type="0" />
				<Option compiler="gcc" />
				<Option projectLinkerOptionsRelation="2" />
				<Linker>
					<Add option="../../../libs/openFrameworksCompiled/lib/win_cb/openFrameworks.lib" />
				</Linker>
			</Target>
			<Target title="debug">
				<Option output="bin\$(PROJECT_NAME)_DEBUG" prefix_auto="1" extension_auto="1" />
				<Option working_dir="bin" />
				<Option object_output="obj\debug\" />
				<Option external_deps="..\..\..\libs\openFrameworksCompiled\lib\win_cb\openFrameworksDebug.lib;" />
				<Option type="1" />
				<Option compiler="gcc" />
				<Option projectLinkerOptionsRelation="2" />
				<Compiler>
					<Add option="-g" />
				</Compiler>
				<Linker>
					<Add option="../../../libs/openFrameworksCompiled/lib/win_cb/openFrameworksDebug.lib" />
				</Linker>
			</Target>
		</Build>
		<Compiler>
			<Add option="-pg" />
			<Add option="-Wno-multichar" />
			<Add option="-D_WIN32_WINNT=0x0500" />
			<Add directory="..\..\..\libs\glu\include" />
			<Add directory="..\..\..\libs\freetype\include" />
			<Add directory="..\..\..\libs\freetype\include\freetype2" />
			<Add directory="..\..\..\libs\FreeImage\include" />
			<Add directory="..\..\..\libs\quicktime\include" />
			<Add directory="..\..\..\libs\rtAudio\include" />
			<Add directory="..\..\..\libs\fmodex\include" />
			<Add directory="..\..\..\libs\videoInput\include" />
			<Add directory="..\..\..\libs\glee\include" />
			<Add directory="..\..\..\libs\glut\include" />
			<Add directory="..\..\..\libs\openFrameworks" />
			<Add directory="..\..\..\libs\openFrameworks\app" />
			<Add directory="..\..\..\libs\openFrameworks\events" />
			<Add directory="..\..\..\libs\openFrameworks\graphics" />
			<Add directory="..\..\..\libs\openFrameworks\utils" />
			<Add directory="..\..\..\libs\openFrameworks\sound" />
			<Add directory="..\..\..\libs\openFrameworks\video" />
			<Add directory="..\..\..\libs\openFrameworks\communication" />
			<Add directory="..\..\..\libs\poco\include" />
			<Add directory="..\..\..\addons\ofx3DModelLoader\src\3DS\" />
			<Add directory="..\..\..\addons\ofx3DModelLoader\src\" />
			<Add directory="..\..\..\addons\ofxNetwork\src" />
			<Add directory="..\..\..\addons\ofxOsc\src" />
			<Add directory="..\..\..\addons\ofxOsc\libs\oscpack\include\ip" />
			<Add directory="..\..\..\addons\ofxOsc\libs\oscpack\include\osc" />
			<Add directory="..\..\..\addons\ofxVectorMath\src" />
			<Add directory="..\..\..\addons\ofxVectorGraphics\src" />
			<Add directory="..\..\..\addons\ofxVectorGraphics\libs" />
			<Add directory="src\addons\ofxOpenCv\src" />
			<Add directory="src\addons\ofxOpenCv\libs\opencv\include" />
			<Add directory="..\..\..\addons\ofxThread\src" />
			<Add directory="..\..\..\addons\ofxDirList\src" />
			<Add directory="..\..\..\addons\ofxXmlSettings\src" />
			<Add directory="..\..\..\addons\ofxXmlSettings\libs" />
			<Add directory="src" />
			<Add directory="src\calibration" />
			<Add directory="src\Tracking" />
			<Add directory="src\Tracking\EllipseFit" />
			<Add directory="src\utils" />
			<Add directory="src\utils\ofxControlPanel" />
			<Add directory="src\utils\ofxLeastSquares\src" />
			<Add directory="src\Tracking\InputManager" />
			<Add directory="src\Tracking\InputManager\threadedGrabber" />
			<Add directory="src\utils\ofxCvGrayscaleAdvanced" />
			<Add directory="src\addons\ofxFileHelper" />
			<Add directory="src\Tracking\GlintFinder" />
			<Add directory="src\Tracking\PupilFinder" />
			<Add directory="src\Tracking\PupilFinder\EllipseFit" />
			<Add directory="src\otherScenes" />
			<Add directory="src\eyePlotterTestApp\gml" />
			<Add directory="src\eyePlotterTestApp\gml\httposting" />
			<Add directory="src\eyePlotterTestApp\gui" />
			<Add directory="src\eyePlotterTestApp\strokes" />
			<Add directory="src\eyePlotterTestApp\styling" />
			<Add directory="src\eyePlotterTestApp\scenes" />
			<Add directory="src\eyePlotterTestApp" />
			<Add directory="src\keyboard" />
			<Add directory="src\mouse" />
			<Add directory="src\ofOverride" />
			<Add directory="src\Presage" />
			<Add directory="src\addons\ofxTextSuite\src" />
			<Add directory="src\addons\ofxWin32Window" />
			<Add directory="src\CLEye" />
			<Add directory="src\addons\ofxCLeye" />
		</Compiler>
		<Linker>
			<Add option="-pg -lgmon" />
			<Add option="../../../libs/FreeImage/lib/win_cb/FreeImage.lib" />
			<Add option="../../../libs/rtAudio/lib/win_cb/RtAudio.a" />
			<Add option="../../../libs/quicktime/lib/win_cb/qtmlClient.lib" />
			<Add option="../../../libs/freetype/lib/win_cb/libfreetype.a" />
			<Add option="../../../libs/glut/lib/win_cb/libglut.a" />
			<Add option="../../../libs/videoInput/lib/win_cb/videoInputLib.a" />
			<Add option="../../../libs/fmodex/lib/win_cb/libfmodex.a" />
			<Add option="../../../libs/glee/lib/win_cb/GLee.lib" />
			<Add option="../../../libs/glu/lib/win_cb/glu32.lib" />
			<Add option="../../../libs/poco/lib/win_cb/libPocoNetmt.a" />
			<Add option="../../../libs/poco/lib/win_cb/libPocoUtilmt.a" />
			<Add option="../../../libs/poco/lib/win_cb/libPocoXMLmt.a" />
			<Add option="../../../libs/poco/lib/win_cb/libPocoFoundationmt.a" />
			<Add option="src/addons/ofxOpenCv/libs/opencv/lib/win_cb/libcv.a" />
			<Add option="src/addons/ofxOpenCv/libs/opencv/lib/win_cb/libcxcore.a" />
			<Add option="../../../addons/ofxOsc/libs/oscpack/lib/win_cb/oscpack.a" />
			<Add option="-lopengl32" />
			<Add option="-lglu32" />
			<Add option="-lgdi32" />
			<Add option="-ldsound" />
			<Add option="-lwinmm" />
			<Add option="-ldxguid" />
			<Add option="-lstrmbase" />
			<Add option="-lstrmiids" />
			<Add option="-lz" />
			<Add option="-luuid" />
			<Add option="-lole32" />
			<Add option="-loleaut32" />
			<Add option="-lsetupapi" />
			<Add option="-lwsock32" />
			<Add option="-lws2_32" />
			<Add option="-lIphlpapi" />
			<Add option="src/Presage/libPresage.a" />
			<Add option="src/CLEye/CLEyeMulticam.lib" />
		</Linker>
		<ExtraCommands>
			<Add after='xcopy /e /i /y &quot;$(PROJECT_DIR)..\..\..\export\win_cb\*.dll&quot;  &quot;$(PROJECT_DIR)bin&quot;' />
			<Add after='cmd /c if not exist &quot;$(PROJECT_DIR)bin/data&quot; mkdir &quot;$(PROJECT_DIR)bin/data&quot;' />
			<Mode after="always" />
		</ExtraCommands>
		<Unit filename="..\..\..\addons\ofxDirList\src\ofxDirList.cpp" />
		<Unit filename="..\..\..\addons\ofxDirList\src\ofxDirList.h" />
		<Unit filename="..\..\..\addons\ofxThread\src\ofxThread.cpp" />
		<Unit filename="..\..\..\addons\ofxThread\src\ofxThread.h" />
		<Unit filename="..\..\..\addons\ofxXmlSettings\libs\tinyxml.cpp" />
		<Unit filename="..\..\..\addons\ofxXmlSettings\libs\tinyxml.h" />
		<Unit filename="..\..\..\addons\ofxXmlSettings\libs\tinyxmlerror.cpp" />
		<Unit filename="..\..\..\addons\ofxXmlSettings\libs\tinyxmlparser.cpp" />
		<Unit filename="..\..\..\addons\ofxXmlSettings\src\ofxXmlSettings.cpp" />
		<Unit filename="..\..\..\addons\ofxXmlSettings\src\ofxXmlSettings.h" />
		<Unit filename="src\CLEye\clVideoGrabber.h" />
		<Unit filename="src\CLEye\cleye.cpp" />
		<Unit filename="src\CLEye\cleye.h" />
		<Unit filename="src\CLEye\threadedClVideoGrabber.h" />
		<Unit filename="src\Presage\presage.h" />
		<Unit filename="src\Presage\presageCallback.h" />
		<Unit filename="src\Presage\presageException.h" />
		<Unit filename="src\Presage\textPrediction.cpp" />
		<Unit filename="src\Presage\textPrediction.h" />
		<Unit filename="src\Tracking\GlintFinder\glintFinder.cpp" />
		<Unit filename="src\Tracking\GlintFinder\glintFinder.h" />
		<Unit filename="src\Tracking\GlintFinder\glintLineChecker.cpp" />
		<Unit filename="src\Tracking\GlintFinder\glintLineChecker.h" />
		<Unit filename="src\Tracking\GlintFinder\glintRefChecker.cpp" />
		<Unit filename="src\Tracking\GlintFinder\glintRefChecker.h" />
		<Unit filename="src\Tracking\InputManager\inputManager.cpp" />
		<Unit filename="src\Tracking\InputManager\inputManager.h" />
		<Unit filename="src\Tracking\InputManager\threadedGrabber\baseVideoGrabber.h" />
		<Unit filename="src\Tracking\InputManager\threadedGrabber\fireflyVideoGrabber.h" />
		<Unit filename="src\Tracking\InputManager\threadedGrabber\qtVideoGrabber.h" />
		<Unit filename="src\Tracking\InputManager\threadedGrabber\threadedPtGreyGrabber.h" />
		<Unit filename="src\Tracking\InputManager\threadedGrabber\threadedQtVideoGrabber.h" />
		<Unit filename="src\Tracking\InputManager\threadedImgSaver.h" />
		<Unit filename="src\Tracking\PupilFinder\EllipseFit\EllipseCalcurator.cpp" />
		<Unit filename="src\Tracking\PupilFinder\EllipseFit\EllipseCalcurator.h" />
		<Unit filename="src\Tracking\PupilFinder\EllipseFit\FitEllipse.cpp" />
		<Unit filename="src\Tracking\PupilFinder\EllipseFit\FitEllipse.h" />
		<Unit filename="src\Tracking\PupilFinder\blobResampler.cpp" />
		<Unit filename="src\Tracking\PupilFinder\blobResampler.h" />
		<Unit filename="src\Tracking\PupilFinder\pupilFinder.cpp" />
		<Unit filename="src\Tracking\PupilFinder\pupilFinder.h" />
		<Unit filename="src\Tracking\brightDarkFinder.cpp" />
		<Unit filename="src\Tracking\brightDarkFinder.h" />
		<Unit filename="src\Tracking\eyeFinder.cpp" />
		<Unit filename="src\Tracking\eyeFinder.h" />
		<Unit filename="src\Tracking\eyeTracker.cpp" />
		<Unit filename="src\Tracking\eyeTracker.h" />
		<Unit filename="src\Tracking\homographyCalcurator.cpp" />
		<Unit filename="src\Tracking\homographyCalcurator.h" />
		<Unit filename="src\Tracking\thresholdCalculator.cpp" />
		<Unit filename="src\Tracking\thresholdCalculator.h" />
		<Unit filename="src\Tracking\trackingManager.cpp" />
		<Unit filename="src\Tracking\trackingManager.h" />
		<Unit filename="src\Tracking\trakingManager_controlPanel.cpp" />
		<Unit filename="src\addons\ofxCLeye\ofxCLeye.cpp" />
		<Unit filename="src\addons\ofxCLeye\ofxCLeye.h" />
		<Unit filename="src\addons\ofxFileHelper\ofxFileHelper.h" />
		<Unit filename="src\addons\ofxOpenCv\libs\opencv\include\cv.h" />
		<Unit filename="src\addons\ofxOpenCv\libs\opencv\include\cv.hpp" />
		<Unit filename="src\addons\ofxOpenCv\libs\opencv\include\cvaux.h" />
		<Unit filename="src\addons\ofxOpenCv\libs\opencv\include\cvaux.hpp" />
		<Unit filename="src\addons\ofxOpenCv\libs\opencv\include\cvcompat.h" />
		<Unit filename="src\addons\ofxOpenCv\libs\opencv\include\cvmat.hpp" />
		<Unit filename="src\addons\ofxOpenCv\libs\opencv\include\cvstreams.h" />
		<Unit filename="src\addons\ofxOpenCv\libs\opencv\include\cvtypes.h" />
		<Unit filename="src\addons\ofxOpenCv\libs\opencv\include\cvver.h" />
		<Unit filename="src\addons\ofxOpenCv\libs\opencv\include\cvvidsurv.hpp" />
		<Unit filename="src\addons\ofxOpenCv\libs\opencv\include\cvwimage.h" />
		<Unit filename="src\addons\ofxOpenCv\libs\opencv\include\cxcore.h" />
		<Unit filename="src\addons\ofxOpenCv\libs\opencv\include\cxcore.hpp" />
		<Unit filename="src\addons\ofxOpenCv\libs\opencv\include\cxerror.h" />
		<Unit filename="src\addons\ofxOpenCv\libs\opencv\include\cxmisc.h" />
		<Unit filename="src\addons\ofxOpenCv\libs\opencv\include\cxtypes.h" />
		<Unit filename="src\addons\ofxOpenCv\src\ofxCvBlob.h" />
		<Unit filename="src\addons\ofxOpenCv\src\ofxCvColorImage.cpp" />
		<Unit filename="src\addons\ofxOpenCv\src\ofxCvColorImage.h" />
		<Unit filename="src\addons\ofxOpenCv\src\ofxCvConstants.h" />
		<Unit filename="src\addons\ofxOpenCv\src\ofxCvContourFinder.cpp" />
		<Unit filename="src\addons\ofxOpenCv\src\ofxCvContourFinder.h" />
		<Unit filename="src\addons\ofxOpenCv\src\ofxCvFloatImage.cpp" />
		<Unit filename="src\addons\ofxOpenCv\src\ofxCvFloatImage.h" />
		<Unit filename="src\addons\ofxOpenCv\src\ofxCvGrayscaleImage.cpp" />
		<Unit filename="src\addons\ofxOpenCv\src\ofxCvGrayscaleImage.h" />
		<Unit filename="src\addons\ofxOpenCv\src\ofxCvImage.cpp" />
		<Unit filename="src\addons\ofxOpenCv\src\ofxCvImage.h" />
		<Unit filename="src\addons\ofxOpenCv\src\ofxCvMain.h" />
		<Unit filename="src\addons\ofxOpenCv\src\ofxCvShortImage.cpp" />
		<Unit filename="src\addons\ofxOpenCv\src\ofxCvShortImage.h" />
		<Unit filename="src\addons\ofxOpenCv\src\ofxOpenCv.h" />
		<Unit filename="src\addons\ofxTextSuite\src\ofxTextBlock.cpp" />
		<Unit filename="src\addons\ofxTextSuite\src\ofxTextBlock.h" />
		<Unit filename="src\addons\ofxTextSuite\src\ofxTextSuite.h" />
		<Unit filename="src\addons\ofxWin32Window\ofAppWin32Window.cpp" />
		<Unit filename="src\addons\ofxWin32Window\ofAppWin32Window.h" />
		<Unit filename="src\addons\ofxWin32Window\winman.cpp" />
		<Unit filename="src\addons\ofxWin32Window\winman.h" />
		<Unit filename="src\addons\ofxWin32Window\winmanInternal.cpp" />
		<Unit filename="src\addons\ofxWin32Window\winmanInternal.h" />
		<Unit filename="src\calibration\calibrationFileSaver.cpp" />
		<Unit filename="src\calibration\calibrationFileSaver.h" />
		<Unit filename="src\calibration\calibrationManager.cpp" />
		<Unit filename="src\calibration\calibrationManager.h" />
		<Unit filename="src\calibration\calibrationManager_controlPanel.cpp" />
		<Unit filename="src\calibration\pointFitter.cpp" />
		<Unit filename="src\calibration\pointFitter.h" />
		<Unit filename="src\cameraoverlay.cpp" />
		<Unit filename="src\cameraoverlay.h" />
		<Unit filename="src\eyePlotterTestApp\appUtils.h" />
		<Unit filename="src\eyePlotterTestApp\defines.h" />
		<Unit filename="src\eyePlotterTestApp\eyePlotterTestApp.cpp" />
		<Unit filename="src\eyePlotterTestApp\eyePlotterTestApp.h" />
		<Unit filename="src\eyePlotterTestApp\fileHelper.h" />
		<Unit filename="src\eyePlotterTestApp\gml\gmlReader.cpp" />
		<Unit filename="src\eyePlotterTestApp\gml\gmlReader.h" />
		<Unit filename="src\eyePlotterTestApp\gml\gmlUploader.cpp" />
		<Unit filename="src\eyePlotterTestApp\gml\gmlUploader.h" />
		<Unit filename="src\eyePlotterTestApp\gml\grafIO.cpp" />
		<Unit filename="src\eyePlotterTestApp\gml\grafIO.h" />
		<Unit filename="src\eyePlotterTestApp\gml\httposting\pocoHttpPostForm.cpp" />
		<Unit filename="src\eyePlotterTestApp\gml\httposting\pocoHttpPostForm.h" />
		<Unit filename="src\eyePlotterTestApp\gui\buttonRect.cpp" />
		<Unit filename="src\eyePlotterTestApp\gui\buttonRect.h" />
		<Unit filename="src\eyePlotterTestApp\gui\buttonState.h" />
		<Unit filename="src\eyePlotterTestApp\gui\buttonStateManager.cpp" />
		<Unit filename="src\eyePlotterTestApp\gui\buttonStateManager.h" />
		<Unit filename="src\eyePlotterTestApp\gui\buttonToggle.cpp" />
		<Unit filename="src\eyePlotterTestApp\gui\buttonToggle.h" />
		<Unit filename="src\eyePlotterTestApp\gui\buttonTrigger.cpp" />
		<Unit filename="src\eyePlotterTestApp\gui\buttonTrigger.h" />
		<Unit filename="src\eyePlotterTestApp\gui\timerButton.cpp" />
		<Unit filename="src\eyePlotterTestApp\gui\timerButton.h" />
		<Unit filename="src\eyePlotterTestApp\scenes\baseScene.cpp" />
		<Unit filename="src\eyePlotterTestApp\scenes\baseScene.h" />
		<Unit filename="src\eyePlotterTestApp\scenes\drawingScene.cpp" />
		<Unit filename="src\eyePlotterTestApp\scenes\drawingScene.h" />
		<Unit filename="src\eyePlotterTestApp\scenes\manipulationScene.cpp" />
		<Unit filename="src\eyePlotterTestApp\scenes\manipulationScene.h" />
		<Unit filename="src\eyePlotterTestApp\scenes\saverScene.cpp" />
		<Unit filename="src\eyePlotterTestApp\scenes\saverScene.h" />
		<Unit filename="src\eyePlotterTestApp\scenes\styleScene.cpp" />
		<Unit filename="src\eyePlotterTestApp\scenes\styleScene.h" />
		<Unit filename="src\eyePlotterTestApp\simpleFtpUpload.h" />
		<Unit filename="src\eyePlotterTestApp\strokes\groupCollection.cpp" />
		<Unit filename="src\eyePlotterTestApp\strokes\groupCollection.h" />
		<Unit filename="src\eyePlotterTestApp\strokes\stroke.cpp" />
		<Unit filename="src\eyePlotterTestApp\strokes\stroke.h" />
		<Unit filename="src\eyePlotterTestApp\strokes\strokeGroup.cpp" />
		<Unit filename="src\eyePlotterTestApp\strokes\strokeGroup.h" />
		<Unit filename="src\eyePlotterTestApp\strokes\strokePoint.cpp" />
		<Unit filename="src\eyePlotterTestApp\strokes\strokePoint.h" />
		<Unit filename="src\eyePlotterTestApp\strokes\strokeThumbnails.cpp" />
		<Unit filename="src\eyePlotterTestApp\strokes\strokeThumbnails.h" />
		<Unit filename="src\eyePlotterTestApp\strokes\strokeUtils.cpp" />
		<Unit filename="src\eyePlotterTestApp\strokes\strokeUtils.h" />
		<Unit filename="src\eyePlotterTestApp\styling\colorPicker.cpp" />
		<Unit filename="src\eyePlotterTestApp\styling\colorPicker.h" />
		<Unit filename="src\eyePlotterTestApp\styling\groupStyle.cpp" />
		<Unit filename="src\eyePlotterTestApp\styling\groupStyle.h" />
		<Unit filename="src\eyePlotterTestApp\styling\renderManager.cpp" />
		<Unit filename="src\eyePlotterTestApp\styling\renderManager.h" />
		<Unit filename="src\keyboard\imageKey.cpp" />
		<Unit filename="src\keyboard\imageKey.h" />
		<Unit filename="src\keyboard\imageToggleKey.cpp" />
		<Unit filename="src\keyboard\imageToggleKey.h" />
		<Unit filename="src\keyboard\key.cpp" />
		<Unit filename="src\keyboard\key.h" />
		<Unit filename="src\keyboard\keyboardBase.cpp" />
		<Unit filename="src\keyboard\keyboardBase.h" />
		<Unit filename="src\keyboard\keyboardManager.cpp" />
		<Unit filename="src\keyboard\keyboardManager.h" />
		<Unit filename="src\keyboard\numericKeyboard.cpp" />
		<Unit filename="src\keyboard\numericKeyboard.h" />
		<Unit filename="src\keyboard\qwertyKeyboard.cpp" />
		<Unit filename="src\keyboard\qwertyKeyboard.h" />
		<Unit filename="src\keyboard\textFieldEx.cpp" />
		<Unit filename="src\keyboard\textFieldEx.h" />
		<Unit filename="src\keyboard\toggleKey.cpp" />
		<Unit filename="src\keyboard\toggleKey.h" />
		<Unit filename="src\main.cpp" />
		<Unit filename="src\mouse\globalMouse.cpp" />
		<Unit filename="src\mouse\globalMouse.h" />
		<Unit filename="src\mouse\simMouse.cpp" />
		<Unit filename="src\mouse\simMouse.h" />
		<Unit filename="src\otherScenes\offsetTraining.cpp" />
		<Unit filename="src\otherScenes\offsettraining.h" />
		<Unit filename="src\otherScenes\pongScene.cpp" />
		<Unit filename="src\otherScenes\pongScene.h" />
		<Unit filename="src\otherScenes\speak.h" />
		<Unit filename="src\otherScenes\typingScene.cpp" />
		<Unit filename="src\otherScenes\typingScene.h" />
		<Unit filename="src\test.h">
			<Option target="&lt;{~None~}&gt;" />
		</Unit>
		<Unit filename="src\testApp.cpp" />
		<Unit filename="src\testApp.h" />
		<Unit filename="src\utils\buttons\buttonRect.cpp" />
		<Unit filename="src\utils\buttons\buttonRect.h" />
		<Unit filename="src\utils\buttons\buttonTrigger.cpp" />
		<Unit filename="src\utils\buttons\buttonTrigger.h" />
		<Unit filename="src\utils\ofxControlPanel\guiBaseObject.cpp" />
		<Unit filename="src\utils\ofxControlPanel\guiBaseObject.h" />
		<Unit filename="src\utils\ofxControlPanel\guiCallback.cpp" />
		<Unit filename="src\utils\ofxControlPanel\guiCallback.h" />
		<Unit filename="src\utils\ofxControlPanel\guiCallbackValue.cpp" />
		<Unit filename="src\utils\ofxControlPanel\guiCallbackValue.h" />
		<Unit filename="src\utils\ofxControlPanel\guiColor.cpp" />
		<Unit filename="src\utils\ofxControlPanel\guiColor.h" />
		<Unit filename="src\utils\ofxControlPanel\guiCustomImpl.h" />
		<Unit filename="src\utils\ofxControlPanel\guiIncludes.h" />
		<Unit filename="src\utils\ofxControlPanel\guiTextBase.cpp" />
		<Unit filename="src\utils\ofxControlPanel\guiTextBase.h" />
		<Unit filename="src\utils\ofxControlPanel\guiType2DSlider.cpp" />
		<Unit filename="src\utils\ofxControlPanel\guiType2DSlider.h" />
		<Unit filename="src\utils\ofxControlPanel\guiTypeButtonSlider.cpp" />
		<Unit filename="src\utils\ofxControlPanel\guiTypeButtonSlider.h" />
		<Unit filename="src\utils\ofxControlPanel\guiTypeChartPlotter.cpp" />
		<Unit filename="src\utils\ofxControlPanel\guiTypeChartPlotter.h" />
		<Unit filename="src\utils\ofxControlPanel\guiTypeCustom.cpp" />
		<Unit filename="src\utils\ofxControlPanel\guiTypeCustom.h" />
		<Unit filename="src\utils\ofxControlPanel\guiTypeDrawable.cpp" />
		<Unit filename="src\utils\ofxControlPanel\guiTypeDrawable.h" />
		<Unit filename="src\utils\ofxControlPanel\guiTypeFileLister.cpp" />
		<Unit filename="src\utils\ofxControlPanel\guiTypeFileLister.h" />
		<Unit filename="src\utils\ofxControlPanel\guiTypeLogger.cpp" />
		<Unit filename="src\utils\ofxControlPanel\guiTypeLogger.h" />
		<Unit filename="src\utils\ofxControlPanel\guiTypeMultiToggle.cpp" />
		<Unit filename="src\utils\ofxControlPanel\guiTypeMultiToggle.h" />
		<Unit filename="src\utils\ofxControlPanel\guiTypePanel.cpp" />
		<Unit filename="src\utils\ofxControlPanel\guiTypePanel.h" />
		<Unit filename="src\utils\ofxControlPanel\guiTypeSlider.cpp" />
		<Unit filename="src\utils\ofxControlPanel\guiTypeSlider.h" />
		<Unit filename="src\utils\ofxControlPanel\guiTypeText.cpp" />
		<Unit filename="src\utils\ofxControlPanel\guiTypeText.h" />
		<Unit filename="src\utils\ofxControlPanel\guiTypeTextDropDown.cpp" />
		<Unit filename="src\utils\ofxControlPanel\guiTypeTextDropDown.h" />
		<Unit filename="src\utils\ofxControlPanel\guiTypeToggle.cpp" />
		<Unit filename="src\utils\ofxControlPanel\guiTypeToggle.h" />
		<Unit filename="src\utils\ofxControlPanel\guiTypeVairableLister.cpp" />
		<Unit filename="src\utils\ofxControlPanel\guiTypeVairableLister.h" />
		<Unit filename="src\utils\ofxControlPanel\guiTypeVideo.cpp" />
		<Unit filename="src\utils\ofxControlPanel\guiTypeVideo.h" />
		<Unit filename="src\utils\ofxControlPanel\guiValue.cpp" />
		<Unit filename="src\utils\ofxControlPanel\guiValue.h" />
		<Unit filename="src\utils\ofxControlPanel\guiVariablePointer.h" />
		<Unit filename="src\utils\ofxControlPanel\ofxControlPanel.cpp" />
		<Unit filename="src\utils\ofxControlPanel\ofxControlPanel.h" />
		<Unit filename="src\utils\ofxControlPanel\simpleColor.cpp" />
		<Unit filename="src\utils\ofxControlPanel\simpleColor.h" />
		<Unit filename="src\utils\ofxControlPanel\simpleFileLister.cpp" />
		<Unit filename="src\utils\ofxControlPanel\simpleFileLister.h" />
		<Unit filename="src\utils\ofxControlPanel\simpleLogger.cpp" />
		<Unit filename="src\utils\ofxControlPanel\simpleLogger.h" />
		<Unit filename="src\utils\ofxCvGrayscaleAdvanced\ofxCvGrayscaleAdvanced.cpp" />
		<Unit filename="src\utils\ofxCvGrayscaleAdvanced\ofxCvGrayscaleAdvanced.h" />
		<Unit filename="src\utils\ofxLeastSquares\src\ofxLeastSquares.cpp" />
		<Unit filename="src\utils\ofxLeastSquares\src\ofxLeastSquares.h" />
		<Unit filename="src\utils\roundedRect.cpp" />
		<Unit filename="src\utils\roundedRect.h" />
		<Extensions>
			<code_completion />
			<debugger />
			<envvars />
		</Extensions>
	</Project>
</CodeBlocks_project_file>
